{
  "originHash" : "7e1c3d401f0c8d7bf0db4ca2ec287a3fb49523ad16fbb8dde244e4037010e575",
  "pins" : [
    {
      "identity" : "swiftobd2",
      "kind" : "remoteSourceControl",
      "location" : "https://github.com/jamesmittlerii/SwiftOBD2",
      "state" : {
        "branch" : "main",
        "revision" : "1308878c36fddc26d3f9d31e8197888a00f632e1"
      }
    }
  ],
  "version" : 3
}
